// !$*UTF8*$!
{
	archiveVersion = 1;
	classes = {
	};
	objectVersion = 46;
	objects = {

/* Begin PBXBuildFile section */
		C93FC4EF1F3A189F004232CA /* AppDelegate.swift in Sources */ = {isa = PBXBuildFile; fileRef = C93FC4EE1F3A189F004232CA /* AppDelegate.swift */; };
		C93FC4F11F3A189F004232CA /* ViewController.swift in Sources */ = {isa = PBXBuildFile; fileRef = C93FC4F01F3A189F004232CA /* ViewController.swift */; };
		C93FC4F41F3A189F004232CA /* Main.storyboard in Resources */ = {isa = PBXBuildFile; fileRef = C93FC4F21F3A189F004232CA /* Main.storyboard */; };
		C93FC4F61F3A189F004232CA /* Assets.xcassets in Resources */ = {isa = PBXBuildFile; fileRef = C93FC4F51F3A189F004232CA /* Assets.xcassets */; };
		C93FC4F91F3A189F004232CA /* LaunchScreen.storyboard in Resources */ = {isa = PBXBuildFile; fileRef = C93FC4F71F3A189F004232CA /* LaunchScreen.storyboard */; };
		C93FC5041F3A189F004232CA /* VeriStocksTests.swift in Sources */ = {isa = PBXBuildFile; fileRef = C93FC5031F3A189F004232CA /* VeriStocksTests.swift */; };
		C93FC50F1F3A189F004232CA /* VeriStocksUITests.swift in Sources */ = {isa = PBXBuildFile; fileRef = C93FC50E1F3A189F004232CA /* VeriStocksUITests.swift */; };
/* End PBXBuildFile section */

/* Begin PBXContainerItemProxy section */
		C93FC5001F3A189F004232CA /* PBXContainerItemProxy */ = {
			isa = PBXContainerItemProxy;
			containerPortal = C93FC4E31F3A189F004232CA /* Project object */;
			proxyType = 1;
			remoteGlobalIDString = C93FC4EA1F3A189F004232CA;
			remoteInfo = VeriStocks;
		};
		C93FC50B1F3A189F004232CA /* PBXContainerItemProxy */ = {
			isa = PBXContainerItemProxy;
			containerPortal = C93FC4E31F3A189F004232CA /* Project object */;
			proxyType = 1;
			remoteGlobalIDString = C93FC4EA1F3A189F004232CA;
			remoteInfo = VeriStocks;
		};
/* End PBXContainerItemProxy section */

/* Begin PBXFileReference section */
		C93FC4EB1F3A189F004232CA /* VeriStocks.app */ = {isa = PBXFileReference; explicitFileType = wrapper.application; includeInIndex = 0; path = VeriStocks.app; sourceTree = BUILT_PRODUCTS_DIR; };
		C93FC4EE1F3A189F004232CA /* AppDelegate.swift */ = {isa = PBXFileReference; lastKnownFileType = sourcecode.swift; path = AppDelegate.swift; sourceTree = "<group>"; };
		C93FC4F01F3A189F004232CA /* ViewController.swift */ = {isa = PBXFileReference; lastKnownFileType = sourcecode.swift; path = ViewController.swift; sourceTree = "<group>"; };
		C93FC4F31F3A189F004232CA /* Base */ = {isa = PBXFileReference; lastKnownFileType = file.storyboard; name = Base; path = Base.lproj/Main.storyboard; sourceTree = "<group>"; };
		C93FC4F51F3A189F004232CA /* Assets.xcassets */ = {isa = PBXFileReference; lastKnownFileType = folder.assetcatalog; path = Assets.xcassets; sourceTree = "<group>"; };
		C93FC4F81F3A189F004232CA /* Base */ = {isa = PBXFileReference; lastKnownFileType = file.storyboard; name = Base; path = Base.lproj/LaunchScreen.storyboard; sourceTree = "<group>"; };
		C93FC4FA1F3A189F004232CA /* Info.plist */ = {isa = PBXFileReference; lastKnownFileType = text.plist.xml; path = Info.plist; sourceTree = "<group>"; };
		C93FC4FF1F3A189F004232CA /* VeriStocksTests.xctest */ = {isa = PBXFileReference; explicitFileType = wrapper.cfbundle; includeInIndex = 0; path = VeriStocksTests.xctest; sourceTree = BUILT_PRODUCTS_DIR; };
		C93FC5031F3A189F004232CA /* VeriStocksTests.swift */ = {isa = PBXFileReference; lastKnownFileType = sourcecode.swift; path = VeriStocksTests.swift; sourceTree = "<group>"; };
		C93FC5051F3A189F004232CA /* Info.plist */ = {isa = PBXFileReference; lastKnownFileType = text.plist.xml; path = Info.plist; sourceTree = "<group>"; };
		C93FC50A1F3A189F004232CA /* VeriStocksUITests.xctest */ = {isa = PBXFileReference; explicitFileType = wrapper.cfbundle; includeInIndex = 0; path = VeriStocksUITests.xctest; sourceTree = BUILT_PRODUCTS_DIR; };
		C93FC50E1F3A189F004232CA /* VeriStocksUITests.swift */ = {isa = PBXFileReference; lastKnownFileType = sourcecode.swift; path = VeriStocksUITests.swift; sourceTree = "<group>"; };
		C93FC5101F3A189F004232CA /* Info.plist */ = {isa = PBXFileReference; lastKnownFileType = text.plist.xml; path = Info.plist; sourceTree = "<group>"; };
/* End PBXFileReference section */

/* Begin PBXFrameworksBuildPhase section */
		C93FC4E81F3A189F004232CA /* Frameworks */ = {
			isa = PBXFrameworksBuildPhase;
			buildActionMask = 2147483647;
			files = (
			);
			runOnlyForDeploymentPostprocessing = 0;
		};
		C93FC4FC1F3A189F004232CA /* Frameworks */ = {
			isa = PBXFrameworksBuildPhase;
			buildActionMask = 2147483647;
			files = (
			);
			runOnlyForDeploymentPostprocessing = 0;
		};
		C93FC5071F3A189F004232CA /* Frameworks */ = {
			isa = PBXFrameworksBuildPhase;
			buildActionMask = 2147483647;
			files = (
			);
			runOnlyForDeploymentPostprocessing = 0;
		};
/* End PBXFrameworksBuildPhase section */

/* Begin PBXGroup section */
		C93FC4E21F3A189F004232CA = {
			isa = PBXGroup;
			children = (
				C93FC4ED1F3A189F004232CA /* VeriStocks */,
				C93FC5021F3A189F004232CA /* VeriStocksTests */,
				C93FC50D1F3A189F004232CA /* VeriStocksUITests */,
				C93FC4EC1F3A189F004232CA /* Products */,
			);
			sourceTree = "<group>";
		};
		C93FC4EC1F3A189F004232CA /* Products */ = {
			isa = PBXGroup;
			children = (
				C93FC4EB1F3A189F004232CA /* VeriStocks.app */,
				C93FC4FF1F3A189F004232CA /* VeriStocksTests.xctest */,
				C93FC50A1F3A189F004232CA /* VeriStocksUITests.xctest */,
			);
			name = Products;
			sourceTree = "<group>";
		};
		C93FC4ED1F3A189F004232CA /* VeriStocks */ = {
			isa = PBXGroup;
			children = (
				C93FC4EE1F3A189F004232CA /* AppDelegate.swift */,
				C93FC4F01F3A189F004232CA /* ViewController.swift */,
				C93FC4F21F3A189F004232CA /* Main.storyboard */,
				C93FC4F51F3A189F004232CA /* Assets.xcassets */,
				C93FC4F71F3A189F004232CA /* LaunchScreen.storyboard */,
				C93FC4FA1F3A189F004232CA /* Info.plist */,
			);
			path = VeriStocks;
			sourceTree = "<group>";
		};
		C93FC5021F3A189F004232CA /* VeriStocksTests */ = {
			isa = PBXGroup;
			children = (
				C93FC5031F3A189F004232CA /* VeriStocksTests.swift */,
				C93FC5051F3A189F004232CA /* Info.plist */,
			);
			path = VeriStocksTests;
			sourceTree = "<group>";
		};
		C93FC50D1F3A189F004232CA /* VeriStocksUITests */ = {
			isa = PBXGroup;
			children = (
				C93FC50E1F3A189F004232CA /* VeriStocksUITests.swift */,
				C93FC5101F3A189F004232CA /* Info.plist */,
			);
			path = VeriStocksUITests;
			sourceTree = "<group>";
		};
/* End PBXGroup section */

/* Begin PBXNativeTarget section */
		C93FC4EA1F3A189F004232CA /* VeriStocks */ = {
			isa = PBXNativeTarget;
			buildConfigurationList = C93FC5131F3A189F004232CA /* Build configuration list for PBXNativeTarget "VeriStocks" */;
			buildPhases = (
				C93FC4E71F3A189F004232CA /* Sources */,
				C93FC4E81F3A189F004232CA /* Frameworks */,
				C93FC4E91F3A189F004232CA /* Resources */,
			);
			buildRules = (
			);
			dependencies = (
			);
			name = VeriStocks;
			productName = VeriStocks;
			productReference = C93FC4EB1F3A189F004232CA /* VeriStocks.app */;
			productType = "com.apple.product-type.application";
		};
		C93FC4FE1F3A189F004232CA /* VeriStocksTests */ = {
			isa = PBXNativeTarget;
			buildConfigurationList = C93FC5161F3A189F004232CA /* Build configuration list for PBXNativeTarget "VeriStocksTests" */;
			buildPhases = (
				C93FC4FB1F3A189F004232CA /* Sources */,
				C93FC4FC1F3A189F004232CA /* Frameworks */,
				C93FC4FD1F3A189F004232CA /* Resources */,
			);
			buildRules = (
			);
			dependencies = (
				C93FC5011F3A189F004232CA /* PBXTargetDependency */,
			);
			name = VeriStocksTests;
			productName = VeriStocksTests;
			productReference = C93FC4FF1F3A189F004232CA /* VeriStocksTests.xctest */;
			productType = "com.apple.product-type.bundle.unit-test";
		};
		C93FC5091F3A189F004232CA /* VeriStocksUITests */ = {
			isa = PBXNativeTarget;
			buildConfigurationList = C93FC5191F3A189F004232CA /* Build configuration list for PBXNativeTarget "VeriStocksUITests" */;
			buildPhases = (
				C93FC5061F3A189F004232CA /* Sources */,
				C93FC5071F3A189F004232CA /* Frameworks */,
				C93FC5081F3A189F004232CA /* Resources */,
			);
			buildRules = (
			);
			dependencies = (
				C93FC50C1F3A189F004232CA /* PBXTargetDependency */,
			);
			name = VeriStocksUITests;
			productName = VeriStocksUITests;
			productReference = C93FC50A1F3A189F004232CA /* VeriStocksUITests.xctest */;
			productType = "com.apple.product-type.bundle.ui-testing";
		};
/* End PBXNativeTarget section */

/* Begin PBXProject section */
		C93FC4E31F3A189F004232CA /* Project object */ = {
			isa = PBXProject;
			attributes = {
				LastSwiftUpdateCheck = 0830;
				LastUpgradeCheck = 0830;
				ORGANIZATIONNAME = "Olgu Sirman";
				TargetAttributes = {
					C93FC4EA1F3A189F004232CA = {
						CreatedOnToolsVersion = 8.3.2;
						DevelopmentTeam = WX5MNWGK6X;
						ProvisioningStyle = Automatic;
					};
					C93FC4FE1F3A189F004232CA = {
						CreatedOnToolsVersion = 8.3.2;
						DevelopmentTeam = WX5MNWGK6X;
						ProvisioningStyle = Automatic;
						TestTargetID = C93FC4EA1F3A189F004232CA;
					};
					C93FC5091F3A189F004232CA = {
						CreatedOnToolsVersion = 8.3.2;
						DevelopmentTeam = WX5MNWGK6X;
						ProvisioningStyle = Automatic;
						TestTargetID = C93FC4EA1F3A189F004232CA;
					};
				};
			};
			buildConfigurationList = C93FC4E61F3A189F004232CA /* Build configuration list for PBXProject "VeriStocks" */;
			compatibilityVersion = "Xcode 3.2";
			developmentRegion = English;
			hasScannedForEncodings = 0;
			knownRegions = (
				en,
				Base,
			);
			mainGroup = C93FC4E21F3A189F004232CA;
			productRefGroup = C93FC4EC1F3A189F004232CA /* Products */;
			projectDirPath = "";
			projectRoot = "";
			targets = (
				C93FC4EA1F3A189F004232CA /* VeriStocks */,
				C93FC4FE1F3A189F004232CA /* VeriStocksTests */,
				C93FC5091F3A189F004232CA /* VeriStocksUITests */,
			);
		};
/* End PBXProject section */

/* Begin PBXResourcesBuildPhase section */
		C93FC4E91F3A189F004232CA /* Resources */ = {
			isa = PBXResourcesBuildPhase;
			buildActionMask = 2147483647;
			files = (
				C93FC4F91F3A189F004232CA /* LaunchScreen.storyboard in Resources */,
				C93FC4F61F3A189F004232CA /* Assets.xcassets in Resources */,
				C93FC4F41F3A189F004232CA /* Main.storyboard in Resources */,
			);
			runOnlyForDeploymentPostprocessing = 0;
		};
		C93FC4FD1F3A189F004232CA /* Resources */ = {
			isa = PBXResourcesBuildPhase;
			buildActionMask = 2147483647;
			files = (
			);
			runOnlyForDeploymentPostprocessing = 0;
		};
		C93FC5081F3A189F004232CA /* Resources */ = {
			isa = PBXResourcesBuildPhase;
			buildActionMask = 2147483647;
			files = (
			);
			runOnlyForDeploymentPostprocessing = 0;
		};
/* End PBXResourcesBuildPhase section */

/* Begin PBXSourcesBuildPhase section */
		C93FC4E71F3A189F004232CA /* Sources */ = {
			isa = PBXSourcesBuildPhase;
			buildActionMask = 2147483647;
			files = (
				C93FC4F11F3A189F004232CA /* ViewController.swift in Sources */,
				C93FC4EF1F3A189F004232CA /* AppDelegate.swift in Sources */,
			);
			runOnlyForDeploymentPostprocessing = 0;
		};
		C93FC4FB1F3A189F004232CA /* Sources */ = {
			isa = PBXSourcesBuildPhase;
			buildActionMask = 2147483647;
			files = (
				C93FC5041F3A189F004232CA /* VeriStocksTests.swift in Sources */,
			);
			runOnlyForDeploymentPostprocessing = 0;
		};
		C93FC5061F3A189F004232CA /* Sources */ = {
			isa = PBXSourcesBuildPhase;
			buildActionMask = 2147483647;
			files = (
				C93FC50F1F3A189F004232CA /* VeriStocksUITests.swift in Sources */,
			);
			runOnlyForDeploymentPostprocessing = 0;
		};
/* End PBXSourcesBuildPhase section */

/* Begin PBXTargetDependency section */
		C93FC5011F3A189F004232CA /* PBXTargetDependency */ = {
			isa = PBXTargetDependency;
			target = C93FC4EA1F3A189F004232CA /* VeriStocks */;
			targetProxy = C93FC5001F3A189F004232CA /* PBXContainerItemProxy */;
		};
		C93FC50C1F3A189F004232CA /* PBXTargetDependency */ = {
			isa = PBXTargetDependency;
			target = C93FC4EA1F3A189F004232CA /* VeriStocks */;
			targetProxy = C93FC50B1F3A189F004232CA /* PBXContainerItemProxy */;
		};
/* End PBXTargetDependency section */

/* Begin PBXVariantGroup section */
		C93FC4F21F3A189F004232CA /* Main.storyboard */ = {
			isa = PBXVariantGroup;
			children = (
				C93FC4F31F3A189F004232CA /* Base */,
			);
			name = Main.storyboard;
			sourceTree = "<group>";
		};
		C93FC4F71F3A189F004232CA /* LaunchScreen.storyboard */ = {
			isa = PBXVariantGroup;
			children = (
				C93FC4F81F3A189F004232CA /* Base */,
			);
			name = LaunchScreen.storyboard;
			sourceTree = "<group>";
		};
/* End PBXVariantGroup section */

/* Begin XCBuildConfiguration section */
		C93FC5111F3A189F004232CA /* Debug */ = {
			isa = XCBuildConfiguration;
			buildSettings = {
				ALWAYS_SEARCH_USER_PATHS = NO;
				CLANG_ANALYZER_NONNULL = YES;
				CLANG_ANALYZER_NUMBER_OBJECT_CONVERSION = YES_AGGRESSIVE;
				CLANG_CXX_LANGUAGE_STANDARD = "gnu++0x";
				CLANG_CXX_LIBRARY = "libc++";
				CLANG_ENABLE_MODULES = YES;
				CLANG_ENABLE_OBJC_ARC = YES;
				CLANG_WARN_BOOL_CONVERSION = YES;
				CLANG_WARN_CONSTANT_CONVERSION = YES;
				CLANG_WARN_DIRECT_OBJC_ISA_USAGE = YES_ERROR;
				CLANG_WARN_DOCUMENTATION_COMMENTS = YES;
				CLANG_WARN_EMPTY_BODY = YES;
				CLANG_WARN_ENUM_CONVERSION = YES;
				CLANG_WARN_INFINITE_RECURSION = YES;
				CLANG_WARN_INT_CONVERSION = YES;
				CLANG_WARN_OBJC_ROOT_CLASS = YES_ERROR;
				CLANG_WARN_SUSPICIOUS_MOVE = YES;
				CLANG_WARN_UNREACHABLE_CODE = YES;
				CLANG_WARN__DUPLICATE_METHOD_MATCH = YES;
				"CODE_SIGN_IDENTITY[sdk=iphoneos*]" = "iPhone Developer";
				COPY_PHASE_STRIP = NO;
				DEBUG_INFORMATION_FORMAT = dwarf;
				ENABLE_STRICT_OBJC_MSGSEND = YES;
				ENABLE_TESTABILITY = YES;
				GCC_C_LANGUAGE_STANDARD = gnu99;
				GCC_DYNAMIC_NO_PIC = NO;
				GCC_NO_COMMON_BLOCKS = YES;
				GCC_OPTIMIZATION_LEVEL = 0;
				GCC_PREPROCESSOR_DEFINITIONS = (
					"DEBUG=1",
					"$(inherited)",
				);
				GCC_WARN_64_TO_32_BIT_CONVERSION = YES;
				GCC_WARN_ABOUT_RETURN_TYPE = YES_ERROR;
				GCC_WARN_UNDECLARED_SELECTOR = YES;
				GCC_WARN_UNINITIALIZED_AUTOS = YES_AGGRESSIVE;
				GCC_WARN_UNUSED_FUNCTION = YES;
				GCC_WARN_UNUSED_VARIABLE = YES;
				IPHONEOS_DEPLOYMENT_TARGET = 10.3;
				MTL_ENABLE_DEBUG_INFO = YES;
				ONLY_ACTIVE_ARCH = YES;
				SDKROOT = iphoneos;
				SWIFT_ACTIVE_COMPILATION_CONDITIONS = DEBUG;
				SWIFT_OPTIMIZATION_LEVEL = "-Onone";
				TARGETED_DEVICE_FAMILY = "1,2";
			};
			name = Debug;
		};
		C93FC5121F3A189F004232CA /* Release */ = {
			isa = XCBuildConfiguration;
			buildSettings = {
				ALWAYS_SEARCH_USER_PATHS = NO;
				CLANG_ANALYZER_NONNULL = YES;
				CLANG_ANALYZER_NUMBER_OBJECT_CONVERSION = YES_AGGRESSIVE;
				CLANG_CXX_LANGUAGE_STANDARD = "gnu++0x";
				CLANG_CXX_LIBRARY = "libc++";
				CLANG_ENABLE_MODULES = YES;
				CLANG_ENABLE_OBJC_ARC = YES;
				CLANG_WARN_BOOL_CONVERSION = YES;
				CLANG_WARN_CONSTANT_CONVERSION = YES;
				CLANG_WARN_DIRECT_OBJC_ISA_USAGE = YES_ERROR;
				CLANG_WARN_DOCUMENTATION_COMMENTS = YES;
				CLANG_WARN_EMPTY_BODY = YES;
				CLANG_WARN_ENUM_CONVERSION = YES;
				CLANG_WARN_INFINITE_RECURSION = YES;
				CLANG_WARN_INT_CONVERSION = YES;
				CLANG_WARN_OBJC_ROOT_CLASS = YES_ERROR;
				CLANG_WARN_SUSPICIOUS_MOVE = YES;
				CLANG_WARN_UNREACHABLE_CODE = YES;
				CLANG_WARN__DUPLICATE_METHOD_MATCH = YES;
				"CODE_SIGN_IDENTITY[sdk=iphoneos*]" = "iPhone Developer";
				COPY_PHASE_STRIP = NO;
				DEBUG_INFORMATION_FORMAT = "dwarf-with-dsym";
				ENABLE_NS_ASSERTIONS = NO;
				ENABLE_STRICT_OBJC_MSGSEND = YES;
				GCC_C_LANGUAGE_STANDARD = gnu99;
				GCC_NO_COMMON_BLOCKS = YES;
				GCC_WARN_64_TO_32_BIT_CONVERSION = YES;
				GCC_WARN_ABOUT_RETURN_TYPE = YES_ERROR;
				GCC_WARN_UNDECLARED_SELECTOR = YES;
				GCC_WARN_UNINITIALIZED_AUTOS = YES_AGGRESSIVE;
				GCC_WARN_UNUSED_FUNCTION = YES;
				GCC_WARN_UNUSED_VARIABLE = YES;
				IPHONEOS_DEPLOYMENT_TARGET = 10.3;
				MTL_ENABLE_DEBUG_INFO = NO;
				SDKROOT = iphoneos;
				SWIFT_OPTIMIZATION_LEVEL = "-Owholemodule";
				TARGETED_DEVICE_FAMILY = "1,2";
				VALIDATE_PRODUCT = YES;
			};
			name = Release;
		};
		C93FC5141F3A189F004232CA /* Debug */ = {
			isa = XCBuildConfiguration;
			buildSettings = {
				ASSETCATALOG_COMPILER_APPICON_NAME = AppIcon;
				DEVELOPMENT_TEAM = WX5MNWGK6X;
				INFOPLIST_FILE = VeriStocks/Info.plist;
				LD_RUNPATH_SEARCH_PATHS = "$(inherited) @executable_path/Frameworks";
				PRODUCT_BUNDLE_IDENTIFIER = com.sirman.VeriStocks;
				PRODUCT_NAME = "$(TARGET_NAME)";
				SWIFT_VERSION = 3.0;
			};
			name = Debug;
		};
		C93FC5151F3A189F004232CA /* Release */ = {
			isa = XCBuildConfiguration;
			buildSettings = {
				ASSETCATALOG_COMPILER_APPICON_NAME = AppIcon;
				DEVELOPMENT_TEAM = WX5MNWGK6X;
				INFOPLIST_FILE = VeriStocks/Info.plist;
				LD_RUNPATH_SEARCH_PATHS = "$(inherited) @executable_path/Frameworks";
				PRODUCT_BUNDLE_IDENTIFIER = com.sirman.VeriStocks;
				PRODUCT_NAME = "$(TARGET_NAME)";
				SWIFT_VERSION = 3.0;
			};
			name = Release;
		};
		C93FC5171F3A189F004232CA /* Debug */ = {
			isa = XCBuildConfiguration;
			buildSettings = {
				ALWAYS_EMBED_SWIFT_STANDARD_LIBRARIES = YES;
				BUNDLE_LOADER = "$(TEST_HOST)";
				DEVELOPMENT_TEAM = WX5MNWGK6X;
				INFOPLIST_FILE = VeriStocksTests/Info.plist;
				LD_RUNPATH_SEARCH_PATHS = "$(inherited) @executable_path/Frameworks @loader_path/Frameworks";
				PRODUCT_BUNDLE_IDENTIFIER = com.sirman.VeriStocksTests;
				PRODUCT_NAME = "$(TARGET_NAME)";
				SWIFT_VERSION = 3.0;
				TEST_HOST = "$(BUILT_PRODUCTS_DIR)/VeriStocks.app/VeriStocks";
			};
			name = Debug;
		};
		C93FC5181F3A189F004232CA /* Release */ = {
			isa = XCBuildConfiguration;
			buildSettings = {
				ALWAYS_EMBED_SWIFT_STANDARD_LIBRARIES = YES;
				BUNDLE_LOADER = "$(TEST_HOST)";
				DEVELOPMENT_TEAM = WX5MNWGK6X;
				INFOPLIST_FILE = VeriStocksTests/Info.plist;
				LD_RUNPATH_SEARCH_PATHS = "$(inherited) @executable_path/Frameworks @loader_path/Frameworks";
				PRODUCT_BUNDLE_IDENTIFIER = com.sirman.VeriStocksTests;
				PRODUCT_NAME = "$(TARGET_NAME)";
				SWIFT_VERSION = 3.0;
				TEST_HOST = "$(BUILT_PRODUCTS_DIR)/VeriStocks.app/VeriStocks";
			};
			name = Release;
		};
		C93FC51A1F3A189F004232CA /* Debug */ = {
			isa = XCBuildConfiguration;
			buildSettings = {
				ALWAYS_EMBED_SWIFT_STANDARD_LIBRARIES = YES;
				DEVELOPMENT_TEAM = WX5MNWGK6X;
				INFOPLIST_FILE = VeriStocksUITests/Info.plist;
				LD_RUNPATH_SEARCH_PATHS = "$(inherited) @executable_path/Frameworks @loader_path/Frameworks";
				PRODUCT_BUNDLE_IDENTIFIER = com.sirman.VeriStocksUITests;
				PRODUCT_NAME = "$(TARGET_NAME)";
				SWIFT_VERSION = 3.0;
				TEST_TARGET_NAME = VeriStocks;
			};
			name = Debug;
		};
		C93FC51B1F3A189F004232CA /* Release */ = {
			isa = XCBuildConfiguration;
			buildSettings = {
				ALWAYS_EMBED_SWIFT_STANDARD_LIBRARIES = YES;
				DEVELOPMENT_TEAM = WX5MNWGK6X;
				INFOPLIST_FILE = VeriStocksUITests/Info.plist;
				LD_RUNPATH_SEARCH_PATHS = "$(inherited) @executable_path/Frameworks @loader_path/Frameworks";
				PRODUCT_BUNDLE_IDENTIFIER = com.sirman.VeriStocksUITests;
				PRODUCT_NAME = "$(TARGET_NAME)";
				SWIFT_VERSION = 3.0;
				TEST_TARGET_NAME = VeriStocks;
			};
			name = Release;
		};
/* End XCBuildConfiguration section */

/* Begin XCConfigurationList section */
		C93FC4E61F3A189F004232CA /* Build configuration list for PBXProject "VeriStocks" */ = {
			isa = XCConfigurationList;
			buildConfigurations = (
				C93FC5111F3A189F004232CA /* Debug */,
				C93FC5121F3A189F004232CA /* Release */,
			);
			defaultConfigurationIsVisible = 0;
			defaultConfigurationName = Release;
		};
		C93FC5131F3A189F004232CA /* Build configuration list for PBXNativeTarget "VeriStocks" */ = {
			isa = XCConfigurationList;
			buildConfigurations = (
				C93FC5141F3A189F004232CA /* Debug */,
				C93FC5151F3A189F004232CA /* Release */,
			);
			defaultConfigurationIsVisible = 0;
		};
		C93FC5161F3A189F004232CA /* Build configuration list for PBXNativeTarget "VeriStocksTests" */ = {
			isa = XCConfigurationList;
			buildConfigurations = (
				C93FC5171F3A189F004232CA /* Debug */,
				C93FC5181F3A189F004232CA /* Release */,
			);
			defaultConfigurationIsVisible = 0;
		};
		C93FC5191F3A189F004232CA /* Build configuration list for PBXNativeTarget "VeriStocksUITests" */ = {
			isa = XCConfigurationList;
			buildConfigurations = (
				C93FC51A1F3A189F004232CA /* Debug */,
				C93FC51B1F3A189F004232CA /* Release */,
			);
			defaultConfigurationIsVisible = 0;
		};
/* End XCConfigurationList section */
	};
	rootObject = C93FC4E31F3A189F004232CA /* Project object */;
}
